
Microsoft Visual Studio Solution File, Format Version 12.00
# Visual Studio Version 17
VisualStudioVersion = 17.7.34009.444
MinimumVisualStudioVersion = 10.0.40219.1
Project("{FAE04EC0-301F-11D3-BF4B-00C04F79EFBC}") = "WorkoutBuilder", "WorkoutBuilder.csproj", "{BBB1577C-D1DB-4B85-9B3F-614CDFD06D10}"
EndProject
Global
	GlobalSection(SolutionConfigurationPlatforms) = preSolution
		Debug|Any CPU = Debug|Any CPU
		Release|Any CPU = Release|Any CPU
	EndGlobalSection
	GlobalSection(ProjectConfigurationPlatforms) = postSolution
		{BBB1577C-D1DB-4B85-9B3F-614CDFD06D10}.Debug|Any CPU.ActiveCfg = Debug|Any CPU
		{BBB1577C-D1DB-4B85-9B3F-614CDFD06D10}.Debug|Any CPU.Build.0 = Debug|Any CPU
		{BBB1577C-D1DB-4B85-9B3F-614CDFD06D10}.Debug|Any CPU.Deploy.0 = Debug|Any CPU
		{BBB1577C-D1DB-4B85-9B3F-614CDFD06D10}.Release|Any CPU.ActiveCfg = Release|Any CPU
		{BBB1577C-D1DB-4B85-9B3F-614CDFD06D10}.Release|Any CPU.Build.0 = Release|Any CPU
		{BBB1577C-D1DB-4B85-9B3F-614CDFD06D10}.Release|Any CPU.Deploy.0 = Release|Any CPU
	EndGlobalSection
	GlobalSection(SolutionProperties) = preSolution
		HideSolutionNode = FALSE
	EndGlobalSection
	GlobalSection(ExtensibilityGlobals) = postSolution
		SolutionGuid = {E987CF26-6D94-4256-B195-4E97F8905ED9}
	EndGlobalSection
EndGlobal
